
Microsoft Visual Studio Solution File, Format Version 12.00
# Visual Studio 15
VisualStudioVersion = 15.0.28307.779
MinimumVisualStudioVersion = 10.0.40219.1
Project("{FAE04EC0-301F-11D3-BF4B-00C04F79EFBC}") = "OptymalizacjaZad1", "OptymalizacjaZad1\OptymalizacjaZad1.csproj", "{E39D9F3E-ABC3-4820-9B82-DB90A11A1326}"
EndProject
Global
	GlobalSection(SolutionConfigurationPlatforms) = preSolution
		Debug|Any CPU = Debug|Any CPU
		Release|Any CPU = Release|Any CPU
	EndGlobalSection
	GlobalSection(ProjectConfigurationPlatforms) = postSolution
		{E39D9F3E-ABC3-4820-9B82-DB90A11A1326}.Debug|Any CPU.ActiveCfg = Debug|Any CPU
		{E39D9F3E-ABC3-4820-9B82-DB90A11A1326}.Debug|Any CPU.Build.0 = Debug|Any CPU
		{E39D9F3E-ABC3-4820-9B82-DB90A11A1326}.Release|Any CPU.ActiveCfg = Release|Any CPU
		{E39D9F3E-ABC3-4820-9B82-DB90A11A1326}.Release|Any CPU.Build.0 = Release|Any CPU
	EndGlobalSection
	GlobalSection(SolutionProperties) = preSolution
		HideSolutionNode = FALSE
	EndGlobalSection
	GlobalSection(ExtensibilityGlobals) = postSolution
		SolutionGuid = {043CD227-77EA-424D-886D-21989ECB69EB}
	EndGlobalSection
EndGlobal
